
Microsoft Visual Studio Solution File, Format Version 12.00
# Visual Studio Version 17
VisualStudioVersion = 17.3.32929.385
MinimumVisualStudioVersion = 10.0.40219.1
Project("{8BC9CEB8-8B4A-11D0-8D11-00A0C91BC942}") = "laba 4.7", "laba 4.7\laba 4.7.vcxproj", "{C23DECD9-6101-4AE4-AD28-6C31F06E29F8}"
EndProject
Global
	GlobalSection(SolutionConfigurationPlatforms) = preSolution
		Debug|x64 = Debug|x64
		Debug|x86 = Debug|x86
		Release|x64 = Release|x64
		Release|x86 = Release|x86
	EndGlobalSection
	GlobalSection(ProjectConfigurationPlatforms) = postSolution
		{C23DECD9-6101-4AE4-AD28-6C31F06E29F8}.Debug|x64.ActiveCfg = Debug|x64
		{C23DECD9-6101-4AE4-AD28-6C31F06E29F8}.Debug|x64.Build.0 = Debug|x64
		{C23DECD9-6101-4AE4-AD28-6C31F06E29F8}.Debug|x86.ActiveCfg = Debug|Win32
		{C23DECD9-6101-4AE4-AD28-6C31F06E29F8}.Debug|x86.Build.0 = Debug|Win32
		{C23DECD9-6101-4AE4-AD28-6C31F06E29F8}.Release|x64.ActiveCfg = Release|x64
		{C23DECD9-6101-4AE4-AD28-6C31F06E29F8}.Release|x64.Build.0 = Release|x64
		{C23DECD9-6101-4AE4-AD28-6C31F06E29F8}.Release|x86.ActiveCfg = Release|Win32
		{C23DECD9-6101-4AE4-AD28-6C31F06E29F8}.Release|x86.Build.0 = Release|Win32
	EndGlobalSection
	GlobalSection(SolutionProperties) = preSolution
		HideSolutionNode = FALSE
	EndGlobalSection
	GlobalSection(ExtensibilityGlobals) = postSolution
		SolutionGuid = {BFEC1723-8D49-4F78-B1FB-36B084A47098}
	EndGlobalSection
EndGlobal
